
Microsoft Visual Studio Solution File, Format Version 12.00
# Visual Studio 15
VisualStudioVersion = 15.0.27004.2006
MinimumVisualStudioVersion = 10.0.40219.1
Project("{FAE04EC0-301F-11D3-BF4B-00C04F79EFBC}") = "ProductsShop.App", "ProductsShop.App\ProductsShop.App.csproj", "{C95CC613-BEE1-4998-88E7-2F1B88E5298B}"
EndProject
Project("{FAE04EC0-301F-11D3-BF4B-00C04F79EFBC}") = "ProductsShop.Data", "ProductsShop.Data\ProductsShop.Data.csproj", "{B4276D3B-B4EE-4310-B20C-DEF58EB3B631}"
EndProject
Project("{FAE04EC0-301F-11D3-BF4B-00C04F79EFBC}") = "ProductsShop.Models", "ProductsShop.Models\ProductsShop.Models.csproj", "{12DC0B09-0259-4F22-AF1F-6AA7FBE90348}"
EndProject
Global
	GlobalSection(SolutionConfigurationPlatforms) = preSolution
		Debug|Any CPU = Debug|Any CPU
		Release|Any CPU = Release|Any CPU
	EndGlobalSection
	GlobalSection(ProjectConfigurationPlatforms) = postSolution
		{C95CC613-BEE1-4998-88E7-2F1B88E5298B}.Debug|Any CPU.ActiveCfg = Debug|Any CPU
		{C95CC613-BEE1-4998-88E7-2F1B88E5298B}.Debug|Any CPU.Build.0 = Debug|Any CPU
		{C95CC613-BEE1-4998-88E7-2F1B88E5298B}.Release|Any CPU.ActiveCfg = Release|Any CPU
		{C95CC613-BEE1-4998-88E7-2F1B88E5298B}.Release|Any CPU.Build.0 = Release|Any CPU
		{B4276D3B-B4EE-4310-B20C-DEF58EB3B631}.Debug|Any CPU.ActiveCfg = Debug|Any CPU
		{B4276D3B-B4EE-4310-B20C-DEF58EB3B631}.Debug|Any CPU.Build.0 = Debug|Any CPU
		{B4276D3B-B4EE-4310-B20C-DEF58EB3B631}.Release|Any CPU.ActiveCfg = Release|Any CPU
		{B4276D3B-B4EE-4310-B20C-DEF58EB3B631}.Release|Any CPU.Build.0 = Release|Any CPU
		{12DC0B09-0259-4F22-AF1F-6AA7FBE90348}.Debug|Any CPU.ActiveCfg = Debug|Any CPU
		{12DC0B09-0259-4F22-AF1F-6AA7FBE90348}.Debug|Any CPU.Build.0 = Debug|Any CPU
		{12DC0B09-0259-4F22-AF1F-6AA7FBE90348}.Release|Any CPU.ActiveCfg = Release|Any CPU
		{12DC0B09-0259-4F22-AF1F-6AA7FBE90348}.Release|Any CPU.Build.0 = Release|Any CPU
	EndGlobalSection
	GlobalSection(SolutionProperties) = preSolution
		HideSolutionNode = FALSE
	EndGlobalSection
	GlobalSection(ExtensibilityGlobals) = postSolution
		SolutionGuid = {0056C363-746B-4790-9C4F-521C4A8FC7BE}
	EndGlobalSection
EndGlobal
