
Microsoft Visual Studio Solution File, Format Version 12.00
# Visual Studio 15
VisualStudioVersion = 15.0.27428.2037
MinimumVisualStudioVersion = 10.0.40219.1
Project("{9A19103F-16F7-4668-BE54-9A1E7A4F7556}") = "P01_StudentSystem", "P01_StudentSystem.csproj", "{EA971C25-99C8-42F4-A5CA-5862F4F131FE}"
EndProject
Global
	GlobalSection(SolutionConfigurationPlatforms) = preSolution
		Debug|Any CPU = Debug|Any CPU
		Release|Any CPU = Release|Any CPU
	EndGlobalSection
	GlobalSection(ProjectConfigurationPlatforms) = postSolution
		{EA971C25-99C8-42F4-A5CA-5862F4F131FE}.Debug|Any CPU.ActiveCfg = Debug|Any CPU
		{EA971C25-99C8-42F4-A5CA-5862F4F131FE}.Debug|Any CPU.Build.0 = Debug|Any CPU
		{EA971C25-99C8-42F4-A5CA-5862F4F131FE}.Release|Any CPU.ActiveCfg = Release|Any CPU
		{EA971C25-99C8-42F4-A5CA-5862F4F131FE}.Release|Any CPU.Build.0 = Release|Any CPU
	EndGlobalSection
	GlobalSection(SolutionProperties) = preSolution
		HideSolutionNode = FALSE
	EndGlobalSection
	GlobalSection(ExtensibilityGlobals) = postSolution
		SolutionGuid = {8087D9F9-CA49-453C-B5D2-69E3186B0A96}
	EndGlobalSection
EndGlobal
