
Microsoft Visual Studio Solution File, Format Version 12.00
# Visual Studio 15
VisualStudioVersion = 15.0.27004.2006
MinimumVisualStudioVersion = 10.0.40219.1
Project("{FAE04EC0-301F-11D3-BF4B-00C04F79EFBC}") = "P01_BillsPaymentSystem.App", "P01_BillsPaymentSystem.App\P01_BillsPaymentSystem.App.csproj", "{1738B711-34AE-4335-9216-E1EDA3BE9596}"
EndProject
Project("{FAE04EC0-301F-11D3-BF4B-00C04F79EFBC}") = "P01_BillsPaymentSystem.Data", "P01_BillsPaymentSystem.Data\P01_BillsPaymentSystem.Data.csproj", "{C032A942-ED54-4527-B88C-B2277E4CB64B}"
EndProject
Project("{FAE04EC0-301F-11D3-BF4B-00C04F79EFBC}") = "P01_BillsPaymentSystem.Data.Models", "P01_BillsPaymentSystem.Data.Models\P01_BillsPaymentSystem.Data.Models.csproj", "{24B7B733-F0FB-4C7E-913A-51B793705E25}"
EndProject
Global
	GlobalSection(SolutionConfigurationPlatforms) = preSolution
		Debug|Any CPU = Debug|Any CPU
		Release|Any CPU = Release|Any CPU
	EndGlobalSection
	GlobalSection(ProjectConfigurationPlatforms) = postSolution
		{1738B711-34AE-4335-9216-E1EDA3BE9596}.Debug|Any CPU.ActiveCfg = Debug|Any CPU
		{1738B711-34AE-4335-9216-E1EDA3BE9596}.Debug|Any CPU.Build.0 = Debug|Any CPU
		{1738B711-34AE-4335-9216-E1EDA3BE9596}.Release|Any CPU.ActiveCfg = Release|Any CPU
		{1738B711-34AE-4335-9216-E1EDA3BE9596}.Release|Any CPU.Build.0 = Release|Any CPU
		{C032A942-ED54-4527-B88C-B2277E4CB64B}.Debug|Any CPU.ActiveCfg = Debug|Any CPU
		{C032A942-ED54-4527-B88C-B2277E4CB64B}.Debug|Any CPU.Build.0 = Debug|Any CPU
		{C032A942-ED54-4527-B88C-B2277E4CB64B}.Release|Any CPU.ActiveCfg = Release|Any CPU
		{C032A942-ED54-4527-B88C-B2277E4CB64B}.Release|Any CPU.Build.0 = Release|Any CPU
		{24B7B733-F0FB-4C7E-913A-51B793705E25}.Debug|Any CPU.ActiveCfg = Debug|Any CPU
		{24B7B733-F0FB-4C7E-913A-51B793705E25}.Debug|Any CPU.Build.0 = Debug|Any CPU
		{24B7B733-F0FB-4C7E-913A-51B793705E25}.Release|Any CPU.ActiveCfg = Release|Any CPU
		{24B7B733-F0FB-4C7E-913A-51B793705E25}.Release|Any CPU.Build.0 = Release|Any CPU
	EndGlobalSection
	GlobalSection(SolutionProperties) = preSolution
		HideSolutionNode = FALSE
	EndGlobalSection
	GlobalSection(ExtensibilityGlobals) = postSolution
		SolutionGuid = {4A3203A8-16C2-4549-BF82-488B1DB04509}
	EndGlobalSection
EndGlobal
